// !$*UTF8*$!
{
	archiveVersion = 1;
	classes = {
	};
	objectVersion = 46;
	objects = {

/* Begin PBXBuildFile section */
		7836F72E18B34C1800C6831E /* Foundation.framework in Frameworks */ = {isa = PBXBuildFile; fileRef = 7836F72D18B34C1800C6831E /* Foundation.framework */; };
		7836F75718B3547800C6831E /* UIKit.framework in Frameworks */ = {isa = PBXBuildFile; fileRef = 7836F75618B3547800C6831E /* UIKit.framework */; };
		7836F76218B3575B00C6831E /* NSObject+KeyboardHandler.m in Sources */ = {isa = PBXBuildFile; fileRef = 7836F76018B3575B00C6831E /* NSObject+KeyboardHandler.m */; };
/* End PBXBuildFile section */

/* Begin PBXCopyFilesBuildPhase section */
		7836F72818B34C1800C6831E /* CopyFiles */ = {
			isa = PBXCopyFilesBuildPhase;
			buildActionMask = 2147483647;
			dstPath = "include/$(PRODUCT_NAME)";
			dstSubfolderSpec = 16;
			files = (
			);
			runOnlyForDeploymentPostprocessing = 0;
		};
/* End PBXCopyFilesBuildPhase section */

/* Begin PBXFileReference section */
		7836F72A18B34C1800C6831E /* libKeyboardHandler.a */ = {isa = PBXFileReference; explicitFileType = archive.ar; includeInIndex = 0; path = libKeyboardHandler.a; sourceTree = BUILT_PRODUCTS_DIR; };
		7836F72D18B34C1800C6831E /* Foundation.framework */ = {isa = PBXFileReference; lastKnownFileType = wrapper.framework; name = Foundation.framework; path = System/Library/Frameworks/Foundation.framework; sourceTree = SDKROOT; };
		7836F73B18B34C1800C6831E /* XCTest.framework */ = {isa = PBXFileReference; lastKnownFileType = wrapper.framework; name = XCTest.framework; path = Library/Frameworks/XCTest.framework; sourceTree = DEVELOPER_DIR; };
		7836F73E18B34C1800C6831E /* UIKit.framework */ = {isa = PBXFileReference; lastKnownFileType = wrapper.framework; name = UIKit.framework; path = Library/Frameworks/UIKit.framework; sourceTree = DEVELOPER_DIR; };
		7836F75618B3547800C6831E /* UIKit.framework */ = {isa = PBXFileReference; lastKnownFileType = wrapper.framework; name = UIKit.framework; path = System/Library/Frameworks/UIKit.framework; sourceTree = SDKROOT; };
		7836F75F18B3575B00C6831E /* NSObject+KeyboardHandler.h */ = {isa = PBXFileReference; fileEncoding = 4; lastKnownFileType = sourcecode.c.h; path = "NSObject+KeyboardHandler.h"; sourceTree = "<group>"; };
		7836F76018B3575B00C6831E /* NSObject+KeyboardHandler.m */ = {isa = PBXFileReference; fileEncoding = 4; lastKnownFileType = sourcecode.c.objc; path = "NSObject+KeyboardHandler.m"; sourceTree = "<group>"; };
		7836F76118B3575B00C6831E /* KeyboardHandler-Prefix.pch */ = {isa = PBXFileReference; fileEncoding = 4; lastKnownFileType = sourcecode.c.h; path = "KeyboardHandler-Prefix.pch"; sourceTree = "<group>"; };
/* End PBXFileReference section */

/* Begin PBXFrameworksBuildPhase section */
		7836F72718B34C1800C6831E /* Frameworks */ = {
			isa = PBXFrameworksBuildPhase;
			buildActionMask = 2147483647;
			files = (
				7836F75718B3547800C6831E /* UIKit.framework in Frameworks */,
				7836F72E18B34C1800C6831E /* Foundation.framework in Frameworks */,
			);
			runOnlyForDeploymentPostprocessing = 0;
		};
/* End PBXFrameworksBuildPhase section */

/* Begin PBXGroup section */
		7836F72118B34C1800C6831E = {
			isa = PBXGroup;
			children = (
				7836F75E18B3575B00C6831E /* KeyboardHandler */,
				7836F76118B3575B00C6831E /* KeyboardHandler-Prefix.pch */,
				7836F72C18B34C1800C6831E /* Frameworks */,
				7836F72B18B34C1800C6831E /* Products */,
			);
			sourceTree = "<group>";
		};
		7836F72B18B34C1800C6831E /* Products */ = {
			isa = PBXGroup;
			children = (
				7836F72A18B34C1800C6831E /* libKeyboardHandler.a */,
			);
			name = Products;
			sourceTree = "<group>";
		};
		7836F72C18B34C1800C6831E /* Frameworks */ = {
			isa = PBXGroup;
			children = (
				7836F75618B3547800C6831E /* UIKit.framework */,
				7836F72D18B34C1800C6831E /* Foundation.framework */,
				7836F73B18B34C1800C6831E /* XCTest.framework */,
				7836F73E18B34C1800C6831E /* UIKit.framework */,
			);
			name = Frameworks;
			sourceTree = "<group>";
		};
		7836F75E18B3575B00C6831E /* KeyboardHandler */ = {
			isa = PBXGroup;
			children = (
				7836F75F18B3575B00C6831E /* NSObject+KeyboardHandler.h */,
				7836F76018B3575B00C6831E /* NSObject+KeyboardHandler.m */,
			);
			path = KeyboardHandler;
			sourceTree = "<group>";
		};
/* End PBXGroup section */

/* Begin PBXNativeTarget section */
		7836F72918B34C1800C6831E /* KeyboardHandler */ = {
			isa = PBXNativeTarget;
			buildConfigurationList = 7836F74D18B34C1800C6831E /* Build configuration list for PBXNativeTarget "KeyboardHandler" */;
			buildPhases = (
				7836F72618B34C1800C6831E /* Sources */,
				7836F72718B34C1800C6831E /* Frameworks */,
				7836F72818B34C1800C6831E /* CopyFiles */,
			);
			buildRules = (
			);
			dependencies = (
			);
			name = KeyboardHandler;
			productName = KeyboardHandler;
			productReference = 7836F72A18B34C1800C6831E /* libKeyboardHandler.a */;
			productType = "com.apple.product-type.library.static";
		};
/* End PBXNativeTarget section */

/* Begin PBXProject section */
		7836F72218B34C1800C6831E /* Project object */ = {
			isa = PBXProject;
			attributes = {
				LastUpgradeCheck = 0500;
				ORGANIZATIONNAME = IgorPalaguta;
			};
			buildConfigurationList = 7836F72518B34C1800C6831E /* Build configuration list for PBXProject "KeyboardHandler" */;
			compatibilityVersion = "Xcode 3.2";
			developmentRegion = English;
			hasScannedForEncodings = 0;
			knownRegions = (
				en,
			);
			mainGroup = 7836F72118B34C1800C6831E;
			productRefGroup = 7836F72B18B34C1800C6831E /* Products */;
			projectDirPath = "";
			projectRoot = "";
			targets = (
				7836F72918B34C1800C6831E /* KeyboardHandler */,
			);
		};
/* End PBXProject section */

/* Begin PBXSourcesBuildPhase section */
		7836F72618B34C1800C6831E /* Sources */ = {
			isa = PBXSourcesBuildPhase;
			buildActionMask = 2147483647;
			files = (
				7836F76218B3575B00C6831E /* NSObject+KeyboardHandler.m in Sources */,
			);
			runOnlyForDeploymentPostprocessing = 0;
		};
/* End PBXSourcesBuildPhase section */

/* Begin XCBuildConfiguration section */
		7836F74B18B34C1800C6831E /* Debug */ = {
			isa = XCBuildConfiguration;
			buildSettings = {
				ALWAYS_SEARCH_USER_PATHS = NO;
				ARCHS = "$(ARCHS_STANDARD)";
				CLANG_CXX_LANGUAGE_STANDARD = "gnu++0x";
				CLANG_CXX_LIBRARY = "libc++";
				CLANG_ENABLE_MODULES = YES;
				CLANG_ENABLE_OBJC_ARC = YES;
				CLANG_WARN_BOOL_CONVERSION = YES;
				CLANG_WARN_CONSTANT_CONVERSION = YES;
				CLANG_WARN_DIRECT_OBJC_ISA_USAGE = YES_ERROR;
				CLANG_WARN_EMPTY_BODY = YES;
				CLANG_WARN_ENUM_CONVERSION = YES;
				CLANG_WARN_INT_CONVERSION = YES;
				CLANG_WARN_OBJC_ROOT_CLASS = YES_ERROR;
				CLANG_WARN__DUPLICATE_METHOD_MATCH = YES;
				COPY_PHASE_STRIP = NO;
				GCC_C_LANGUAGE_STANDARD = gnu99;
				GCC_DYNAMIC_NO_PIC = NO;
				GCC_OPTIMIZATION_LEVEL = 0;
				GCC_PREPROCESSOR_DEFINITIONS = (
					"DEBUG=1",
					"$(inherited)",
				);
				GCC_SYMBOLS_PRIVATE_EXTERN = NO;
				GCC_WARN_64_TO_32_BIT_CONVERSION = YES;
				GCC_WARN_ABOUT_RETURN_TYPE = YES_ERROR;
				GCC_WARN_UNDECLARED_SELECTOR = YES;
				GCC_WARN_UNINITIALIZED_AUTOS = YES;
				GCC_WARN_UNUSED_FUNCTION = YES;
				GCC_WARN_UNUSED_VARIABLE = YES;
				IPHONEOS_DEPLOYMENT_TARGET = 5.0;
				ONLY_ACTIVE_ARCH = YES;
				SDKROOT = iphoneos;
			};
			name = Debug;
		};
		7836F74C18B34C1800C6831E /* Release */ = {
			isa = XCBuildConfiguration;
			buildSettings = {
				ALWAYS_SEARCH_USER_PATHS = NO;
				ARCHS = "$(ARCHS_STANDARD)";
				CLANG_CXX_LANGUAGE_STANDARD = "gnu++0x";
				CLANG_CXX_LIBRARY = "libc++";
				CLANG_ENABLE_MODULES = YES;
				CLANG_ENABLE_OBJC_ARC = YES;
				CLANG_WARN_BOOL_CONVERSION = YES;
				CLANG_WARN_CONSTANT_CONVERSION = YES;
				CLANG_WARN_DIRECT_OBJC_ISA_USAGE = YES_ERROR;
				CLANG_WARN_EMPTY_BODY = YES;
				CLANG_WARN_ENUM_CONVERSION = YES;
				CLANG_WARN_INT_CONVERSION = YES;
				CLANG_WARN_OBJC_ROOT_CLASS = YES_ERROR;
				CLANG_WARN__DUPLICATE_METHOD_MATCH = YES;
				COPY_PHASE_STRIP = YES;
				ENABLE_NS_ASSERTIONS = NO;
				GCC_C_LANGUAGE_STANDARD = gnu99;
				GCC_WARN_64_TO_32_BIT_CONVERSION = YES;
				GCC_WARN_ABOUT_RETURN_TYPE = YES_ERROR;
				GCC_WARN_UNDECLARED_SELECTOR = YES;
				GCC_WARN_UNINITIALIZED_AUTOS = YES;
				GCC_WARN_UNUSED_FUNCTION = YES;
				GCC_WARN_UNUSED_VARIABLE = YES;
				IPHONEOS_DEPLOYMENT_TARGET = 5.0;
				SDKROOT = iphoneos;
				VALIDATE_PRODUCT = YES;
			};
			name = Release;
		};
		7836F74E18B34C1800C6831E /* Debug */ = {
			isa = XCBuildConfiguration;
			buildSettings = {
				DSTROOT = /tmp/KeyboardHandler.dst;
				GCC_PRECOMPILE_PREFIX_HEADER = YES;
				GCC_PREFIX_HEADER = "KeyboardHandler-Prefix.pch";
				OTHER_LDFLAGS = "-ObjC";
				PRODUCT_NAME = "$(TARGET_NAME)";
				SKIP_INSTALL = YES;
			};
			name = Debug;
		};
		7836F74F18B34C1800C6831E /* Release */ = {
			isa = XCBuildConfiguration;
			buildSettings = {
				DSTROOT = /tmp/KeyboardHandler.dst;
				GCC_PRECOMPILE_PREFIX_HEADER = YES;
				GCC_PREFIX_HEADER = "KeyboardHandler-Prefix.pch";
				OTHER_LDFLAGS = "-ObjC";
				PRODUCT_NAME = "$(TARGET_NAME)";
				SKIP_INSTALL = YES;
			};
			name = Release;
		};
/* End XCBuildConfiguration section */

/* Begin XCConfigurationList section */
		7836F72518B34C1800C6831E /* Build configuration list for PBXProject "KeyboardHandler" */ = {
			isa = XCConfigurationList;
			buildConfigurations = (
				7836F74B18B34C1800C6831E /* Debug */,
				7836F74C18B34C1800C6831E /* Release */,
			);
			defaultConfigurationIsVisible = 0;
			defaultConfigurationName = Release;
		};
		7836F74D18B34C1800C6831E /* Build configuration list for PBXNativeTarget "KeyboardHandler" */ = {
			isa = XCConfigurationList;
			buildConfigurations = (
				7836F74E18B34C1800C6831E /* Debug */,
				7836F74F18B34C1800C6831E /* Release */,
			);
			defaultConfigurationIsVisible = 0;
			defaultConfigurationName = Release;
		};
/* End XCConfigurationList section */
	};
	rootObject = 7836F72218B34C1800C6831E /* Project object */;
}
